%{"bunt": {:hex, :bunt, "0.1.6", "5d95a6882f73f3b9969fdfd1953798046664e6f77ec4e486e6fafc7caad97c6f", [:mix], []},
  "credo": {:hex, :credo, "0.4.12", "f5e1973405ea25c6e64959fb0b6bf92950147a0278cc2a002a491b45f78f7b87", [:mix], [{:bunt, "~> 0.1.6", [hex: :bunt, optional: false]}]},
  "gen_stage": {:hex, :gen_stage, "0.6.1", "1e05e3faf9e505dcdb1e6d2da501fc5d1724e7ea6176bf72853ea78c8a600d1c", [:mix], []}}
